// !$*UTF8*$!
{
	archiveVersion = 1;
	classes = {
	};
	objectVersion = 48;
	objects = {

/* Begin PBXBuildFile section */
		17FDBDA41FDFB27400A13252 /* AppDelegate.swift in Sources */ = {isa = PBXBuildFile; fileRef = 17FDBDA31FDFB27400A13252 /* AppDelegate.swift */; };
		17FDBDA61FDFB27400A13252 /* ViewController.swift in Sources */ = {isa = PBXBuildFile; fileRef = 17FDBDA51FDFB27400A13252 /* ViewController.swift */; };
		17FDBDA91FDFB27400A13252 /* Main.storyboard in Resources */ = {isa = PBXBuildFile; fileRef = 17FDBDA71FDFB27400A13252 /* Main.storyboard */; };
		17FDBDAB1FDFB27400A13252 /* Assets.xcassets in Resources */ = {isa = PBXBuildFile; fileRef = 17FDBDAA1FDFB27400A13252 /* Assets.xcassets */; };
		17FDBDAE1FDFB27400A13252 /* LaunchScreen.storyboard in Resources */ = {isa = PBXBuildFile; fileRef = 17FDBDAC1FDFB27400A13252 /* LaunchScreen.storyboard */; };
		17FDBDB91FDFB27400A13252 /* SHYApprovedTests.swift in Sources */ = {isa = PBXBuildFile; fileRef = 17FDBDB81FDFB27400A13252 /* SHYApprovedTests.swift */; };
		17FDBDC41FDFB27400A13252 /* SHYApprovedUITests.swift in Sources */ = {isa = PBXBuildFile; fileRef = 17FDBDC31FDFB27400A13252 /* SHYApprovedUITests.swift */; };
		5F25EC5DA698CF2E2B3D67D1 /* Pods_SHYApprovedUITests.framework in Frameworks */ = {isa = PBXBuildFile; fileRef = 3BE3D70036AC44202A1AB163 /* Pods_SHYApprovedUITests.framework */; };
		76D8739D6F8D6984963837CD /* Pods_SHYApprovedTests.framework in Frameworks */ = {isa = PBXBuildFile; fileRef = 34FE95D368485B9B7BCE3405 /* Pods_SHYApprovedTests.framework */; };
		C642C7140DAA17E94FF7DB4E /* Pods_SHYApproved.framework in Frameworks */ = {isa = PBXBuildFile; fileRef = 42B6AB792B3EC56F9D0DAFB0 /* Pods_SHYApproved.framework */; };
/* End PBXBuildFile section */

/* Begin PBXContainerItemProxy section */
		17FDBDB51FDFB27400A13252 /* PBXContainerItemProxy */ = {
			isa = PBXContainerItemProxy;
			containerPortal = 17FDBD981FDFB27400A13252 /* Project object */;
			proxyType = 1;
			remoteGlobalIDString = 17FDBD9F1FDFB27400A13252;
			remoteInfo = SHYApproved;
		};
		17FDBDC01FDFB27400A13252 /* PBXContainerItemProxy */ = {
			isa = PBXContainerItemProxy;
			containerPortal = 17FDBD981FDFB27400A13252 /* Project object */;
			proxyType = 1;
			remoteGlobalIDString = 17FDBD9F1FDFB27400A13252;
			remoteInfo = SHYApproved;
		};
/* End PBXContainerItemProxy section */

/* Begin PBXFileReference section */
		17FDBDA01FDFB27400A13252 /* SHYApproved.app */ = {isa = PBXFileReference; explicitFileType = wrapper.application; includeInIndex = 0; path = SHYApproved.app; sourceTree = BUILT_PRODUCTS_DIR; };
		17FDBDA31FDFB27400A13252 /* AppDelegate.swift */ = {isa = PBXFileReference; lastKnownFileType = sourcecode.swift; path = AppDelegate.swift; sourceTree = "<group>"; };
		17FDBDA51FDFB27400A13252 /* ViewController.swift */ = {isa = PBXFileReference; lastKnownFileType = sourcecode.swift; path = ViewController.swift; sourceTree = "<group>"; };
		17FDBDA81FDFB27400A13252 /* Base */ = {isa = PBXFileReference; lastKnownFileType = file.storyboard; name = Base; path = Base.lproj/Main.storyboard; sourceTree = "<group>"; };
		17FDBDAA1FDFB27400A13252 /* Assets.xcassets */ = {isa = PBXFileReference; lastKnownFileType = folder.assetcatalog; path = Assets.xcassets; sourceTree = "<group>"; };
		17FDBDAD1FDFB27400A13252 /* Base */ = {isa = PBXFileReference; lastKnownFileType = file.storyboard; name = Base; path = Base.lproj/LaunchScreen.storyboard; sourceTree = "<group>"; };
		17FDBDAF1FDFB27400A13252 /* Info.plist */ = {isa = PBXFileReference; lastKnownFileType = text.plist.xml; path = Info.plist; sourceTree = "<group>"; };
		17FDBDB41FDFB27400A13252 /* SHYApprovedTests.xctest */ = {isa = PBXFileReference; explicitFileType = wrapper.cfbundle; includeInIndex = 0; path = SHYApprovedTests.xctest; sourceTree = BUILT_PRODUCTS_DIR; };
		17FDBDB81FDFB27400A13252 /* SHYApprovedTests.swift */ = {isa = PBXFileReference; lastKnownFileType = sourcecode.swift; path = SHYApprovedTests.swift; sourceTree = "<group>"; };
		17FDBDBA1FDFB27400A13252 /* Info.plist */ = {isa = PBXFileReference; lastKnownFileType = text.plist.xml; path = Info.plist; sourceTree = "<group>"; };
		17FDBDBF1FDFB27400A13252 /* SHYApprovedUITests.xctest */ = {isa = PBXFileReference; explicitFileType = wrapper.cfbundle; includeInIndex = 0; path = SHYApprovedUITests.xctest; sourceTree = BUILT_PRODUCTS_DIR; };
		17FDBDC31FDFB27400A13252 /* SHYApprovedUITests.swift */ = {isa = PBXFileReference; lastKnownFileType = sourcecode.swift; path = SHYApprovedUITests.swift; sourceTree = "<group>"; };
		17FDBDC51FDFB27400A13252 /* Info.plist */ = {isa = PBXFileReference; lastKnownFileType = text.plist.xml; path = Info.plist; sourceTree = "<group>"; };
		17FDBDD11FDFBAD300A13252 /* SHYApproved-Bridging-Header.h */ = {isa = PBXFileReference; lastKnownFileType = sourcecode.c.h; path = "SHYApproved-Bridging-Header.h"; sourceTree = "<group>"; };
		17FDBDD51FDFBAF100A13252 /* PrefixHeader.pch */ = {isa = PBXFileReference; lastKnownFileType = sourcecode.c.h; path = PrefixHeader.pch; sourceTree = "<group>"; };
		34FE95D368485B9B7BCE3405 /* Pods_SHYApprovedTests.framework */ = {isa = PBXFileReference; explicitFileType = wrapper.framework; includeInIndex = 0; path = Pods_SHYApprovedTests.framework; sourceTree = BUILT_PRODUCTS_DIR; };
		3BE3D70036AC44202A1AB163 /* Pods_SHYApprovedUITests.framework */ = {isa = PBXFileReference; explicitFileType = wrapper.framework; includeInIndex = 0; path = Pods_SHYApprovedUITests.framework; sourceTree = BUILT_PRODUCTS_DIR; };
		42B6AB792B3EC56F9D0DAFB0 /* Pods_SHYApproved.framework */ = {isa = PBXFileReference; explicitFileType = wrapper.framework; includeInIndex = 0; path = Pods_SHYApproved.framework; sourceTree = BUILT_PRODUCTS_DIR; };
		6936437C80604AB697A6D14B /* Pods-SHYApprovedUITests.release.xcconfig */ = {isa = PBXFileReference; includeInIndex = 1; lastKnownFileType = text.xcconfig; name = "Pods-SHYApprovedUITests.release.xcconfig"; path = "Pods/Target Support Files/Pods-SHYApprovedUITests/Pods-SHYApprovedUITests.release.xcconfig"; sourceTree = "<group>"; };
		77AD5FF810E2B7EE3D37AFF6 /* Pods-SHYApproved.debug.xcconfig */ = {isa = PBXFileReference; includeInIndex = 1; lastKnownFileType = text.xcconfig; name = "Pods-SHYApproved.debug.xcconfig"; path = "Pods/Target Support Files/Pods-SHYApproved/Pods-SHYApproved.debug.xcconfig"; sourceTree = "<group>"; };
		81D769AC9521B56178E07026 /* Pods-SHYApprovedTests.debug.xcconfig */ = {isa = PBXFileReference; includeInIndex = 1; lastKnownFileType = text.xcconfig; name = "Pods-SHYApprovedTests.debug.xcconfig"; path = "Pods/Target Support Files/Pods-SHYApprovedTests/Pods-SHYApprovedTests.debug.xcconfig"; sourceTree = "<group>"; };
		937659B4F98AB59CC243703D /* Pods-SHYApproved.release.xcconfig */ = {isa = PBXFileReference; includeInIndex = 1; lastKnownFileType = text.xcconfig; name = "Pods-SHYApproved.release.xcconfig"; path = "Pods/Target Support Files/Pods-SHYApproved/Pods-SHYApproved.release.xcconfig"; sourceTree = "<group>"; };
		AF3EC9EF93A7B41278D8B810 /* Pods-SHYApprovedUITests.debug.xcconfig */ = {isa = PBXFileReference; includeInIndex = 1; lastKnownFileType = text.xcconfig; name = "Pods-SHYApprovedUITests.debug.xcconfig"; path = "Pods/Target Support Files/Pods-SHYApprovedUITests/Pods-SHYApprovedUITests.debug.xcconfig"; sourceTree = "<group>"; };
		E87DB47A7E92934BBB501802 /* Pods-SHYApprovedTests.release.xcconfig */ = {isa = PBXFileReference; includeInIndex = 1; lastKnownFileType = text.xcconfig; name = "Pods-SHYApprovedTests.release.xcconfig"; path = "Pods/Target Support Files/Pods-SHYApprovedTests/Pods-SHYApprovedTests.release.xcconfig"; sourceTree = "<group>"; };
/* End PBXFileReference section */

/* Begin PBXFrameworksBuildPhase section */
		17FDBD9D1FDFB27400A13252 /* Frameworks */ = {
			isa = PBXFrameworksBuildPhase;
			buildActionMask = 2147483647;
			files = (
				C642C7140DAA17E94FF7DB4E /* Pods_SHYApproved.framework in Frameworks */,
			);
			runOnlyForDeploymentPostprocessing = 0;
		};
		17FDBDB11FDFB27400A13252 /* Frameworks */ = {
			isa = PBXFrameworksBuildPhase;
			buildActionMask = 2147483647;
			files = (
				76D8739D6F8D6984963837CD /* Pods_SHYApprovedTests.framework in Frameworks */,
			);
			runOnlyForDeploymentPostprocessing = 0;
		};
		17FDBDBC1FDFB27400A13252 /* Frameworks */ = {
			isa = PBXFrameworksBuildPhase;
			buildActionMask = 2147483647;
			files = (
				5F25EC5DA698CF2E2B3D67D1 /* Pods_SHYApprovedUITests.framework in Frameworks */,
			);
			runOnlyForDeploymentPostprocessing = 0;
		};
/* End PBXFrameworksBuildPhase section */

/* Begin PBXGroup section */
		17FDBD971FDFB27400A13252 = {
			isa = PBXGroup;
			children = (
				17FDBDA21FDFB27400A13252 /* SHYApproved */,
				17FDBDB71FDFB27400A13252 /* SHYApprovedTests */,
				17FDBDC21FDFB27400A13252 /* SHYApprovedUITests */,
				17FDBDA11FDFB27400A13252 /* Products */,
				DE6E3270276672599F49FC3C /* Pods */,
				D036457F190BB6605A9FB703 /* Frameworks */,
			);
			sourceTree = "<group>";
		};
		17FDBDA11FDFB27400A13252 /* Products */ = {
			isa = PBXGroup;
			children = (
				17FDBDA01FDFB27400A13252 /* SHYApproved.app */,
				17FDBDB41FDFB27400A13252 /* SHYApprovedTests.xctest */,
				17FDBDBF1FDFB27400A13252 /* SHYApprovedUITests.xctest */,
			);
			name = Products;
			sourceTree = "<group>";
		};
		17FDBDA21FDFB27400A13252 /* SHYApproved */ = {
			isa = PBXGroup;
			children = (
				17FDBDA31FDFB27400A13252 /* AppDelegate.swift */,
				17FDBDA51FDFB27400A13252 /* ViewController.swift */,
				17FDBDA71FDFB27400A13252 /* Main.storyboard */,
				17FDBDAA1FDFB27400A13252 /* Assets.xcassets */,
				17FDBDAC1FDFB27400A13252 /* LaunchScreen.storyboard */,
				17FDBDAF1FDFB27400A13252 /* Info.plist */,
				17FDBDD11FDFBAD300A13252 /* SHYApproved-Bridging-Header.h */,
				17FDBDD51FDFBAF100A13252 /* PrefixHeader.pch */,
			);
			path = SHYApproved;
			sourceTree = "<group>";
		};
		17FDBDB71FDFB27400A13252 /* SHYApprovedTests */ = {
			isa = PBXGroup;
			children = (
				17FDBDB81FDFB27400A13252 /* SHYApprovedTests.swift */,
				17FDBDBA1FDFB27400A13252 /* Info.plist */,
			);
			path = SHYApprovedTests;
			sourceTree = "<group>";
		};
		17FDBDC21FDFB27400A13252 /* SHYApprovedUITests */ = {
			isa = PBXGroup;
			children = (
				17FDBDC31FDFB27400A13252 /* SHYApprovedUITests.swift */,
				17FDBDC51FDFB27400A13252 /* Info.plist */,
			);
			path = SHYApprovedUITests;
			sourceTree = "<group>";
		};
		D036457F190BB6605A9FB703 /* Frameworks */ = {
			isa = PBXGroup;
			children = (
				42B6AB792B3EC56F9D0DAFB0 /* Pods_SHYApproved.framework */,
				34FE95D368485B9B7BCE3405 /* Pods_SHYApprovedTests.framework */,
				3BE3D70036AC44202A1AB163 /* Pods_SHYApprovedUITests.framework */,
			);
			name = Frameworks;
			sourceTree = "<group>";
		};
		DE6E3270276672599F49FC3C /* Pods */ = {
			isa = PBXGroup;
			children = (
				77AD5FF810E2B7EE3D37AFF6 /* Pods-SHYApproved.debug.xcconfig */,
				937659B4F98AB59CC243703D /* Pods-SHYApproved.release.xcconfig */,
				81D769AC9521B56178E07026 /* Pods-SHYApprovedTests.debug.xcconfig */,
				E87DB47A7E92934BBB501802 /* Pods-SHYApprovedTests.release.xcconfig */,
				AF3EC9EF93A7B41278D8B810 /* Pods-SHYApprovedUITests.debug.xcconfig */,
				6936437C80604AB697A6D14B /* Pods-SHYApprovedUITests.release.xcconfig */,
			);
			name = Pods;
			sourceTree = "<group>";
		};
/* End PBXGroup section */

/* Begin PBXNativeTarget section */
		17FDBD9F1FDFB27400A13252 /* SHYApproved */ = {
			isa = PBXNativeTarget;
			buildConfigurationList = 17FDBDC81FDFB27400A13252 /* Build configuration list for PBXNativeTarget "SHYApproved" */;
			buildPhases = (
				4FB0EDF0E2BFCB89B31EC608 /* [CP] Check Pods Manifest.lock */,
				17FDBD9C1FDFB27400A13252 /* Sources */,
				17FDBD9D1FDFB27400A13252 /* Frameworks */,
				17FDBD9E1FDFB27400A13252 /* Resources */,
				C12D1657CE8D18C6E5027917 /* [CP] Embed Pods Frameworks */,
				01CADA118FB575E4BB529939 /* [CP] Copy Pods Resources */,
			);
			buildRules = (
			);
			dependencies = (
			);
			name = SHYApproved;
			productName = SHYApproved;
			productReference = 17FDBDA01FDFB27400A13252 /* SHYApproved.app */;
			productType = "com.apple.product-type.application";
		};
		17FDBDB31FDFB27400A13252 /* SHYApprovedTests */ = {
			isa = PBXNativeTarget;
			buildConfigurationList = 17FDBDCB1FDFB27400A13252 /* Build configuration list for PBXNativeTarget "SHYApprovedTests" */;
			buildPhases = (
				FD7DF326F58031DC582D28BC /* [CP] Check Pods Manifest.lock */,
				17FDBDB01FDFB27400A13252 /* Sources */,
				17FDBDB11FDFB27400A13252 /* Frameworks */,
				17FDBDB21FDFB27400A13252 /* Resources */,
				2F6CB40348DE438CC96E882D /* [CP] Embed Pods Frameworks */,
				DA63C5A4D2A014871BCFA8A4 /* [CP] Copy Pods Resources */,
			);
			buildRules = (
			);
			dependencies = (
				17FDBDB61FDFB27400A13252 /* PBXTargetDependency */,
			);
			name = SHYApprovedTests;
			productName = SHYApprovedTests;
			productReference = 17FDBDB41FDFB27400A13252 /* SHYApprovedTests.xctest */;
			productType = "com.apple.product-type.bundle.unit-test";
		};
		17FDBDBE1FDFB27400A13252 /* SHYApprovedUITests */ = {
			isa = PBXNativeTarget;
			buildConfigurationList = 17FDBDCE1FDFB27400A13252 /* Build configuration list for PBXNativeTarget "SHYApprovedUITests" */;
			buildPhases = (
				F4CF617B43C01298E4DEAC09 /* [CP] Check Pods Manifest.lock */,
				17FDBDBB1FDFB27400A13252 /* Sources */,
				17FDBDBC1FDFB27400A13252 /* Frameworks */,
				17FDBDBD1FDFB27400A13252 /* Resources */,
				7D9F64192482C2F09EF8924D /* [CP] Embed Pods Frameworks */,
				572B84731D4434A867ADEF5D /* [CP] Copy Pods Resources */,
			);
			buildRules = (
			);
			dependencies = (
				17FDBDC11FDFB27400A13252 /* PBXTargetDependency */,
			);
			name = SHYApprovedUITests;
			productName = SHYApprovedUITests;
			productReference = 17FDBDBF1FDFB27400A13252 /* SHYApprovedUITests.xctest */;
			productType = "com.apple.product-type.bundle.ui-testing";
		};
/* End PBXNativeTarget section */

/* Begin PBXProject section */
		17FDBD981FDFB27400A13252 /* Project object */ = {
			isa = PBXProject;
			attributes = {
				LastSwiftUpdateCheck = 0900;
				LastUpgradeCheck = 0900;
				ORGANIZATIONNAME = "yin chen";
				TargetAttributes = {
					17FDBD9F1FDFB27400A13252 = {
						CreatedOnToolsVersion = 9.0;
						LastSwiftMigration = 0900;
						ProvisioningStyle = Automatic;
					};
					17FDBDB31FDFB27400A13252 = {
						CreatedOnToolsVersion = 9.0;
						ProvisioningStyle = Automatic;
						TestTargetID = 17FDBD9F1FDFB27400A13252;
					};
					17FDBDBE1FDFB27400A13252 = {
						CreatedOnToolsVersion = 9.0;
						ProvisioningStyle = Automatic;
						TestTargetID = 17FDBD9F1FDFB27400A13252;
					};
				};
			};
			buildConfigurationList = 17FDBD9B1FDFB27400A13252 /* Build configuration list for PBXProject "SHYApproved" */;
			compatibilityVersion = "Xcode 8.0";
			developmentRegion = en;
			hasScannedForEncodings = 0;
			knownRegions = (
				en,
				Base,
			);
			mainGroup = 17FDBD971FDFB27400A13252;
			productRefGroup = 17FDBDA11FDFB27400A13252 /* Products */;
			projectDirPath = "";
			projectRoot = "";
			targets = (
				17FDBD9F1FDFB27400A13252 /* SHYApproved */,
				17FDBDB31FDFB27400A13252 /* SHYApprovedTests */,
				17FDBDBE1FDFB27400A13252 /* SHYApprovedUITests */,
			);
		};
/* End PBXProject section */

/* Begin PBXResourcesBuildPhase section */
		17FDBD9E1FDFB27400A13252 /* Resources */ = {
			isa = PBXResourcesBuildPhase;
			buildActionMask = 2147483647;
			files = (
				17FDBDAE1FDFB27400A13252 /* LaunchScreen.storyboard in Resources */,
				17FDBDAB1FDFB27400A13252 /* Assets.xcassets in Resources */,
				17FDBDA91FDFB27400A13252 /* Main.storyboard in Resources */,
			);
			runOnlyForDeploymentPostprocessing = 0;
		};
		17FDBDB21FDFB27400A13252 /* Resources */ = {
			isa = PBXResourcesBuildPhase;
			buildActionMask = 2147483647;
			files = (
			);
			runOnlyForDeploymentPostprocessing = 0;
		};
		17FDBDBD1FDFB27400A13252 /* Resources */ = {
			isa = PBXResourcesBuildPhase;
			buildActionMask = 2147483647;
			files = (
			);
			runOnlyForDeploymentPostprocessing = 0;
		};
/* End PBXResourcesBuildPhase section */

/* Begin PBXShellScriptBuildPhase section */
		01CADA118FB575E4BB529939 /* [CP] Copy Pods Resources */ = {
			isa = PBXShellScriptBuildPhase;
			buildActionMask = 2147483647;
			files = (
			);
			inputPaths = (
			);
			name = "[CP] Copy Pods Resources";
			outputPaths = (
			);
			runOnlyForDeploymentPostprocessing = 0;
			shellPath = /bin/sh;
			shellScript = "\"${SRCROOT}/Pods/Target Support Files/Pods-SHYApproved/Pods-SHYApproved-resources.sh\"\n";
			showEnvVarsInLog = 0;
		};
		2F6CB40348DE438CC96E882D /* [CP] Embed Pods Frameworks */ = {
			isa = PBXShellScriptBuildPhase;
			buildActionMask = 2147483647;
			files = (
			);
			inputPaths = (
			);
			name = "[CP] Embed Pods Frameworks";
			outputPaths = (
			);
			runOnlyForDeploymentPostprocessing = 0;
			shellPath = /bin/sh;
			shellScript = "\"${SRCROOT}/Pods/Target Support Files/Pods-SHYApprovedTests/Pods-SHYApprovedTests-frameworks.sh\"\n";
			showEnvVarsInLog = 0;
		};
		4FB0EDF0E2BFCB89B31EC608 /* [CP] Check Pods Manifest.lock */ = {
			isa = PBXShellScriptBuildPhase;
			buildActionMask = 2147483647;
			files = (
			);
			inputPaths = (
				"${PODS_PODFILE_DIR_PATH}/Podfile.lock",
				"${PODS_ROOT}/Manifest.lock",
			);
			name = "[CP] Check Pods Manifest.lock";
			outputPaths = (
				"$(DERIVED_FILE_DIR)/Pods-SHYApproved-checkManifestLockResult.txt",
			);
			runOnlyForDeploymentPostprocessing = 0;
			shellPath = /bin/sh;
			shellScript = "diff \"${PODS_PODFILE_DIR_PATH}/Podfile.lock\" \"${PODS_ROOT}/Manifest.lock\" > /dev/null\nif [ $? != 0 ] ; then\n    # print error to STDERR\n    echo \"error: The sandbox is not in sync with the Podfile.lock. Run 'pod install' or update your CocoaPods installation.\" >&2\n    exit 1\nfi\n# This output is used by Xcode 'outputs' to avoid re-running this script phase.\necho \"SUCCESS\" > \"${SCRIPT_OUTPUT_FILE_0}\"\n";
			showEnvVarsInLog = 0;
		};
		572B84731D4434A867ADEF5D /* [CP] Copy Pods Resources */ = {
			isa = PBXShellScriptBuildPhase;
			buildActionMask = 2147483647;
			files = (
			);
			inputPaths = (
			);
			name = "[CP] Copy Pods Resources";
			outputPaths = (
			);
			runOnlyForDeploymentPostprocessing = 0;
			shellPath = /bin/sh;
			shellScript = "\"${SRCROOT}/Pods/Target Support Files/Pods-SHYApprovedUITests/Pods-SHYApprovedUITests-resources.sh\"\n";
			showEnvVarsInLog = 0;
		};
		7D9F64192482C2F09EF8924D /* [CP] Embed Pods Frameworks */ = {
			isa = PBXShellScriptBuildPhase;
			buildActionMask = 2147483647;
			files = (
			);
			inputPaths = (
			);
			name = "[CP] Embed Pods Frameworks";
			outputPaths = (
			);
			runOnlyForDeploymentPostprocessing = 0;
			shellPath = /bin/sh;
			shellScript = "\"${SRCROOT}/Pods/Target Support Files/Pods-SHYApprovedUITests/Pods-SHYApprovedUITests-frameworks.sh\"\n";
			showEnvVarsInLog = 0;
		};
		C12D1657CE8D18C6E5027917 /* [CP] Embed Pods Frameworks */ = {
			isa = PBXShellScriptBuildPhase;
			buildActionMask = 2147483647;
			files = (
			);
			inputPaths = (
				"${SRCROOT}/Pods/Target Support Files/Pods-SHYApproved/Pods-SHYApproved-frameworks.sh",
				"${BUILT_PRODUCTS_DIR}/AFNetworking/AFNetworking.framework",
				"${BUILT_PRODUCTS_DIR}/IQKeyboardManager/IQKeyboardManager.framework",
				"${BUILT_PRODUCTS_DIR}/JSONModel/JSONModel.framework",
			);
			name = "[CP] Embed Pods Frameworks";
			outputPaths = (
				"${TARGET_BUILD_DIR}/${FRAMEWORKS_FOLDER_PATH}/AFNetworking.framework",
				"${TARGET_BUILD_DIR}/${FRAMEWORKS_FOLDER_PATH}/IQKeyboardManager.framework",
				"${TARGET_BUILD_DIR}/${FRAMEWORKS_FOLDER_PATH}/JSONModel.framework",
			);
			runOnlyForDeploymentPostprocessing = 0;
			shellPath = /bin/sh;
			shellScript = "\"${SRCROOT}/Pods/Target Support Files/Pods-SHYApproved/Pods-SHYApproved-frameworks.sh\"\n";
			showEnvVarsInLog = 0;
		};
		DA63C5A4D2A014871BCFA8A4 /* [CP] Copy Pods Resources */ = {
			isa = PBXShellScriptBuildPhase;
			buildActionMask = 2147483647;
			files = (
			);
			inputPaths = (
			);
			name = "[CP] Copy Pods Resources";
			outputPaths = (
			);
			runOnlyForDeploymentPostprocessing = 0;
			shellPath = /bin/sh;
			shellScript = "\"${SRCROOT}/Pods/Target Support Files/Pods-SHYApprovedTests/Pods-SHYApprovedTests-resources.sh\"\n";
			showEnvVarsInLog = 0;
		};
		F4CF617B43C01298E4DEAC09 /* [CP] Check Pods Manifest.lock */ = {
			isa = PBXShellScriptBuildPhase;
			buildActionMask = 2147483647;
			files = (
			);
			inputPaths = (
				"${PODS_PODFILE_DIR_PATH}/Podfile.lock",
				"${PODS_ROOT}/Manifest.lock",
			);
			name = "[CP] Check Pods Manifest.lock";
			outputPaths = (
				"$(DERIVED_FILE_DIR)/Pods-SHYApprovedUITests-checkManifestLockResult.txt",
			);
			runOnlyForDeploymentPostprocessing = 0;
			shellPath = /bin/sh;
			shellScript = "diff \"${PODS_PODFILE_DIR_PATH}/Podfile.lock\" \"${PODS_ROOT}/Manifest.lock\" > /dev/null\nif [ $? != 0 ] ; then\n    # print error to STDERR\n    echo \"error: The sandbox is not in sync with the Podfile.lock. Run 'pod install' or update your CocoaPods installation.\" >&2\n    exit 1\nfi\n# This output is used by Xcode 'outputs' to avoid re-running this script phase.\necho \"SUCCESS\" > \"${SCRIPT_OUTPUT_FILE_0}\"\n";
			showEnvVarsInLog = 0;
		};
		FD7DF326F58031DC582D28BC /* [CP] Check Pods Manifest.lock */ = {
			isa = PBXShellScriptBuildPhase;
			buildActionMask = 2147483647;
			files = (
			);
			inputPaths = (
				"${PODS_PODFILE_DIR_PATH}/Podfile.lock",
				"${PODS_ROOT}/Manifest.lock",
			);
			name = "[CP] Check Pods Manifest.lock";
			outputPaths = (
				"$(DERIVED_FILE_DIR)/Pods-SHYApprovedTests-checkManifestLockResult.txt",
			);
			runOnlyForDeploymentPostprocessing = 0;
			shellPath = /bin/sh;
			shellScript = "diff \"${PODS_PODFILE_DIR_PATH}/Podfile.lock\" \"${PODS_ROOT}/Manifest.lock\" > /dev/null\nif [ $? != 0 ] ; then\n    # print error to STDERR\n    echo \"error: The sandbox is not in sync with the Podfile.lock. Run 'pod install' or update your CocoaPods installation.\" >&2\n    exit 1\nfi\n# This output is used by Xcode 'outputs' to avoid re-running this script phase.\necho \"SUCCESS\" > \"${SCRIPT_OUTPUT_FILE_0}\"\n";
			showEnvVarsInLog = 0;
		};
/* End PBXShellScriptBuildPhase section */

/* Begin PBXSourcesBuildPhase section */
		17FDBD9C1FDFB27400A13252 /* Sources */ = {
			isa = PBXSourcesBuildPhase;
			buildActionMask = 2147483647;
			files = (
				17FDBDA61FDFB27400A13252 /* ViewController.swift in Sources */,
				17FDBDA41FDFB27400A13252 /* AppDelegate.swift in Sources */,
			);
			runOnlyForDeploymentPostprocessing = 0;
		};
		17FDBDB01FDFB27400A13252 /* Sources */ = {
			isa = PBXSourcesBuildPhase;
			buildActionMask = 2147483647;
			files = (
				17FDBDB91FDFB27400A13252 /* SHYApprovedTests.swift in Sources */,
			);
			runOnlyForDeploymentPostprocessing = 0;
		};
		17FDBDBB1FDFB27400A13252 /* Sources */ = {
			isa = PBXSourcesBuildPhase;
			buildActionMask = 2147483647;
			files = (
				17FDBDC41FDFB27400A13252 /* SHYApprovedUITests.swift in Sources */,
			);
			runOnlyForDeploymentPostprocessing = 0;
		};
/* End PBXSourcesBuildPhase section */

/* Begin PBXTargetDependency section */
		17FDBDB61FDFB27400A13252 /* PBXTargetDependency */ = {
			isa = PBXTargetDependency;
			target = 17FDBD9F1FDFB27400A13252 /* SHYApproved */;
			targetProxy = 17FDBDB51FDFB27400A13252 /* PBXContainerItemProxy */;
		};
		17FDBDC11FDFB27400A13252 /* PBXTargetDependency */ = {
			isa = PBXTargetDependency;
			target = 17FDBD9F1FDFB27400A13252 /* SHYApproved */;
			targetProxy = 17FDBDC01FDFB27400A13252 /* PBXContainerItemProxy */;
		};
/* End PBXTargetDependency section */

/* Begin PBXVariantGroup section */
		17FDBDA71FDFB27400A13252 /* Main.storyboard */ = {
			isa = PBXVariantGroup;
			children = (
				17FDBDA81FDFB27400A13252 /* Base */,
			);
			name = Main.storyboard;
			sourceTree = "<group>";
		};
		17FDBDAC1FDFB27400A13252 /* LaunchScreen.storyboard */ = {
			isa = PBXVariantGroup;
			children = (
				17FDBDAD1FDFB27400A13252 /* Base */,
			);
			name = LaunchScreen.storyboard;
			sourceTree = "<group>";
		};
/* End PBXVariantGroup section */

/* Begin XCBuildConfiguration section */
		17FDBDC61FDFB27400A13252 /* Debug */ = {
			isa = XCBuildConfiguration;
			buildSettings = {
				ALWAYS_SEARCH_USER_PATHS = NO;
				CLANG_ANALYZER_NONNULL = YES;
				CLANG_ANALYZER_NUMBER_OBJECT_CONVERSION = YES_AGGRESSIVE;
				CLANG_CXX_LANGUAGE_STANDARD = "gnu++14";
				CLANG_CXX_LIBRARY = "libc++";
				CLANG_ENABLE_MODULES = YES;
				CLANG_ENABLE_OBJC_ARC = YES;
				CLANG_WARN_BLOCK_CAPTURE_AUTORELEASING = YES;
				CLANG_WARN_BOOL_CONVERSION = YES;
				CLANG_WARN_COMMA = YES;
				CLANG_WARN_CONSTANT_CONVERSION = YES;
				CLANG_WARN_DIRECT_OBJC_ISA_USAGE = YES_ERROR;
				CLANG_WARN_DOCUMENTATION_COMMENTS = YES;
				CLANG_WARN_EMPTY_BODY = YES;
				CLANG_WARN_ENUM_CONVERSION = YES;
				CLANG_WARN_INFINITE_RECURSION = YES;
				CLANG_WARN_INT_CONVERSION = YES;
				CLANG_WARN_NON_LITERAL_NULL_CONVERSION = YES;
				CLANG_WARN_OBJC_LITERAL_CONVERSION = YES;
				CLANG_WARN_OBJC_ROOT_CLASS = YES_ERROR;
				CLANG_WARN_RANGE_LOOP_ANALYSIS = YES;
				CLANG_WARN_STRICT_PROTOTYPES = YES;
				CLANG_WARN_SUSPICIOUS_MOVE = YES;
				CLANG_WARN_UNGUARDED_AVAILABILITY = YES_AGGRESSIVE;
				CLANG_WARN_UNREACHABLE_CODE = YES;
				CLANG_WARN__DUPLICATE_METHOD_MATCH = YES;
				CODE_SIGN_IDENTITY = "iPhone Developer";
				COPY_PHASE_STRIP = NO;
				DEBUG_INFORMATION_FORMAT = dwarf;
				ENABLE_STRICT_OBJC_MSGSEND = YES;
				ENABLE_TESTABILITY = YES;
				GCC_C_LANGUAGE_STANDARD = gnu11;
				GCC_DYNAMIC_NO_PIC = NO;
				GCC_NO_COMMON_BLOCKS = YES;
				GCC_OPTIMIZATION_LEVEL = 0;
				GCC_PREPROCESSOR_DEFINITIONS = (
					"DEBUG=1",
					"$(inherited)",
				);
				GCC_WARN_64_TO_32_BIT_CONVERSION = YES;
				GCC_WARN_ABOUT_RETURN_TYPE = YES_ERROR;
				GCC_WARN_UNDECLARED_SELECTOR = YES;
				GCC_WARN_UNINITIALIZED_AUTOS = YES_AGGRESSIVE;
				GCC_WARN_UNUSED_FUNCTION = YES;
				GCC_WARN_UNUSED_VARIABLE = YES;
				IPHONEOS_DEPLOYMENT_TARGET = 11.0;
				MTL_ENABLE_DEBUG_INFO = YES;
				ONLY_ACTIVE_ARCH = YES;
				SDKROOT = iphoneos;
				SWIFT_ACTIVE_COMPILATION_CONDITIONS = DEBUG;
				SWIFT_OPTIMIZATION_LEVEL = "-Onone";
			};
			name = Debug;
		};
		17FDBDC71FDFB27400A13252 /* Release */ = {
			isa = XCBuildConfiguration;
			buildSettings = {
				ALWAYS_SEARCH_USER_PATHS = NO;
				CLANG_ANALYZER_NONNULL = YES;
				CLANG_ANALYZER_NUMBER_OBJECT_CONVERSION = YES_AGGRESSIVE;
				CLANG_CXX_LANGUAGE_STANDARD = "gnu++14";
				CLANG_CXX_LIBRARY = "libc++";
				CLANG_ENABLE_MODULES = YES;
				CLANG_ENABLE_OBJC_ARC = YES;
				CLANG_WARN_BLOCK_CAPTURE_AUTORELEASING = YES;
				CLANG_WARN_BOOL_CONVERSION = YES;
				CLANG_WARN_COMMA = YES;
				CLANG_WARN_CONSTANT_CONVERSION = YES;
				CLANG_WARN_DIRECT_OBJC_ISA_USAGE = YES_ERROR;
				CLANG_WARN_DOCUMENTATION_COMMENTS = YES;
				CLANG_WARN_EMPTY_BODY = YES;
				CLANG_WARN_ENUM_CONVERSION = YES;
				CLANG_WARN_INFINITE_RECURSION = YES;
				CLANG_WARN_INT_CONVERSION = YES;
				CLANG_WARN_NON_LITERAL_NULL_CONVERSION = YES;
				CLANG_WARN_OBJC_LITERAL_CONVERSION = YES;
				CLANG_WARN_OBJC_ROOT_CLASS = YES_ERROR;
				CLANG_WARN_RANGE_LOOP_ANALYSIS = YES;
				CLANG_WARN_STRICT_PROTOTYPES = YES;
				CLANG_WARN_SUSPICIOUS_MOVE = YES;
				CLANG_WARN_UNGUARDED_AVAILABILITY = YES_AGGRESSIVE;
				CLANG_WARN_UNREACHABLE_CODE = YES;
				CLANG_WARN__DUPLICATE_METHOD_MATCH = YES;
				CODE_SIGN_IDENTITY = "iPhone Developer";
				COPY_PHASE_STRIP = NO;
				DEBUG_INFORMATION_FORMAT = "dwarf-with-dsym";
				ENABLE_NS_ASSERTIONS = NO;
				ENABLE_STRICT_OBJC_MSGSEND = YES;
				GCC_C_LANGUAGE_STANDARD = gnu11;
				GCC_NO_COMMON_BLOCKS = YES;
				GCC_WARN_64_TO_32_BIT_CONVERSION = YES;
				GCC_WARN_ABOUT_RETURN_TYPE = YES_ERROR;
				GCC_WARN_UNDECLARED_SELECTOR = YES;
				GCC_WARN_UNINITIALIZED_AUTOS = YES_AGGRESSIVE;
				GCC_WARN_UNUSED_FUNCTION = YES;
				GCC_WARN_UNUSED_VARIABLE = YES;
				IPHONEOS_DEPLOYMENT_TARGET = 11.0;
				MTL_ENABLE_DEBUG_INFO = NO;
				SDKROOT = iphoneos;
				SWIFT_OPTIMIZATION_LEVEL = "-Owholemodule";
				VALIDATE_PRODUCT = YES;
			};
			name = Release;
		};
		17FDBDC91FDFB27400A13252 /* Debug */ = {
			isa = XCBuildConfiguration;
			baseConfigurationReference = 77AD5FF810E2B7EE3D37AFF6 /* Pods-SHYApproved.debug.xcconfig */;
			buildSettings = {
				ASSETCATALOG_COMPILER_APPICON_NAME = AppIcon;
				CLANG_ENABLE_MODULES = YES;
				CODE_SIGN_STYLE = Automatic;
				GCC_PREFIX_HEADER = "$(SRCROOT)/SHYApproved/PrefixHeader.pch";
				INFOPLIST_FILE = SHYApproved/Info.plist;
				IPHONEOS_DEPLOYMENT_TARGET = 8.0;
				LD_RUNPATH_SEARCH_PATHS = "$(inherited) @executable_path/Frameworks";
				PRODUCT_BUNDLE_IDENTIFIER = com.ekingwin.SHYApproved;
				PRODUCT_NAME = "$(TARGET_NAME)";
				SWIFT_OBJC_BRIDGING_HEADER = "SHYApproved/SHYApproved-Bridging-Header.h";
				SWIFT_OPTIMIZATION_LEVEL = "-Onone";
				SWIFT_VERSION = 4.0;
				TARGETED_DEVICE_FAMILY = "1,2";
			};
			name = Debug;
		};
		17FDBDCA1FDFB27400A13252 /* Release */ = {
			isa = XCBuildConfiguration;
			baseConfigurationReference = 937659B4F98AB59CC243703D /* Pods-SHYApproved.release.xcconfig */;
			buildSettings = {
				ASSETCATALOG_COMPILER_APPICON_NAME = AppIcon;
				CLANG_ENABLE_MODULES = YES;
				CODE_SIGN_STYLE = Automatic;
				GCC_PREFIX_HEADER = "$(SRCROOT)/SHYApproved/PrefixHeader.pch";
				INFOPLIST_FILE = SHYApproved/Info.plist;
				IPHONEOS_DEPLOYMENT_TARGET = 8.0;
				LD_RUNPATH_SEARCH_PATHS = "$(inherited) @executable_path/Frameworks";
				PRODUCT_BUNDLE_IDENTIFIER = com.ekingwin.SHYApproved;
				PRODUCT_NAME = "$(TARGET_NAME)";
				SWIFT_OBJC_BRIDGING_HEADER = "SHYApproved/SHYApproved-Bridging-Header.h";
				SWIFT_VERSION = 4.0;
				TARGETED_DEVICE_FAMILY = "1,2";
			};
			name = Release;
		};
		17FDBDCC1FDFB27400A13252 /* Debug */ = {
			isa = XCBuildConfiguration;
			baseConfigurationReference = 81D769AC9521B56178E07026 /* Pods-SHYApprovedTests.debug.xcconfig */;
			buildSettings = {
				ALWAYS_EMBED_SWIFT_STANDARD_LIBRARIES = YES;
				BUNDLE_LOADER = "$(TEST_HOST)";
				CODE_SIGN_STYLE = Automatic;
				INFOPLIST_FILE = SHYApprovedTests/Info.plist;
				LD_RUNPATH_SEARCH_PATHS = "$(inherited) @executable_path/Frameworks @loader_path/Frameworks";
				PRODUCT_BUNDLE_IDENTIFIER = edf.SHYApprovedTests;
				PRODUCT_NAME = "$(TARGET_NAME)";
				SWIFT_VERSION = 4.0;
				TARGETED_DEVICE_FAMILY = "1,2";
				TEST_HOST = "$(BUILT_PRODUCTS_DIR)/SHYApproved.app/SHYApproved";
			};
			name = Debug;
		};
		17FDBDCD1FDFB27400A13252 /* Release */ = {
			isa = XCBuildConfiguration;
			baseConfigurationReference = E87DB47A7E92934BBB501802 /* Pods-SHYApprovedTests.release.xcconfig */;
			buildSettings = {
				ALWAYS_EMBED_SWIFT_STANDARD_LIBRARIES = YES;
				BUNDLE_LOADER = "$(TEST_HOST)";
				CODE_SIGN_STYLE = Automatic;
				INFOPLIST_FILE = SHYApprovedTests/Info.plist;
				LD_RUNPATH_SEARCH_PATHS = "$(inherited) @executable_path/Frameworks @loader_path/Frameworks";
				PRODUCT_BUNDLE_IDENTIFIER = edf.SHYApprovedTests;
				PRODUCT_NAME = "$(TARGET_NAME)";
				SWIFT_VERSION = 4.0;
				TARGETED_DEVICE_FAMILY = "1,2";
				TEST_HOST = "$(BUILT_PRODUCTS_DIR)/SHYApproved.app/SHYApproved";
			};
			name = Release;
		};
		17FDBDCF1FDFB27400A13252 /* Debug */ = {
			isa = XCBuildConfiguration;
			baseConfigurationReference = AF3EC9EF93A7B41278D8B810 /* Pods-SHYApprovedUITests.debug.xcconfig */;
			buildSettings = {
				ALWAYS_EMBED_SWIFT_STANDARD_LIBRARIES = YES;
				CODE_SIGN_STYLE = Automatic;
				INFOPLIST_FILE = SHYApprovedUITests/Info.plist;
				LD_RUNPATH_SEARCH_PATHS = "$(inherited) @executable_path/Frameworks @loader_path/Frameworks";
				PRODUCT_BUNDLE_IDENTIFIER = edf.SHYApprovedUITests;
				PRODUCT_NAME = "$(TARGET_NAME)";
				SWIFT_VERSION = 4.0;
				TARGETED_DEVICE_FAMILY = "1,2";
				TEST_TARGET_NAME = SHYApproved;
			};
			name = Debug;
		};
		17FDBDD01FDFB27400A13252 /* Release */ = {
			isa = XCBuildConfiguration;
			baseConfigurationReference = 6936437C80604AB697A6D14B /* Pods-SHYApprovedUITests.release.xcconfig */;
			buildSettings = {
				ALWAYS_EMBED_SWIFT_STANDARD_LIBRARIES = YES;
				CODE_SIGN_STYLE = Automatic;
				INFOPLIST_FILE = SHYApprovedUITests/Info.plist;
				LD_RUNPATH_SEARCH_PATHS = "$(inherited) @executable_path/Frameworks @loader_path/Frameworks";
				PRODUCT_BUNDLE_IDENTIFIER = edf.SHYApprovedUITests;
				PRODUCT_NAME = "$(TARGET_NAME)";
				SWIFT_VERSION = 4.0;
				TARGETED_DEVICE_FAMILY = "1,2";
				TEST_TARGET_NAME = SHYApproved;
			};
			name = Release;
		};
/* End XCBuildConfiguration section */

/* Begin XCConfigurationList section */
		17FDBD9B1FDFB27400A13252 /* Build configuration list for PBXProject "SHYApproved" */ = {
			isa = XCConfigurationList;
			buildConfigurations = (
				17FDBDC61FDFB27400A13252 /* Debug */,
				17FDBDC71FDFB27400A13252 /* Release */,
			);
			defaultConfigurationIsVisible = 0;
			defaultConfigurationName = Release;
		};
		17FDBDC81FDFB27400A13252 /* Build configuration list for PBXNativeTarget "SHYApproved" */ = {
			isa = XCConfigurationList;
			buildConfigurations = (
				17FDBDC91FDFB27400A13252 /* Debug */,
				17FDBDCA1FDFB27400A13252 /* Release */,
			);
			defaultConfigurationIsVisible = 0;
			defaultConfigurationName = Release;
		};
		17FDBDCB1FDFB27400A13252 /* Build configuration list for PBXNativeTarget "SHYApprovedTests" */ = {
			isa = XCConfigurationList;
			buildConfigurations = (
				17FDBDCC1FDFB27400A13252 /* Debug */,
				17FDBDCD1FDFB27400A13252 /* Release */,
			);
			defaultConfigurationIsVisible = 0;
			defaultConfigurationName = Release;
		};
		17FDBDCE1FDFB27400A13252 /* Build configuration list for PBXNativeTarget "SHYApprovedUITests" */ = {
			isa = XCConfigurationList;
			buildConfigurations = (
				17FDBDCF1FDFB27400A13252 /* Debug */,
				17FDBDD01FDFB27400A13252 /* Release */,
			);
			defaultConfigurationIsVisible = 0;
			defaultConfigurationName = Release;
		};
/* End XCConfigurationList section */
	};
	rootObject = 17FDBD981FDFB27400A13252 /* Project object */;
}
